// !$*UTF8*$!
{
	archiveVersion = 1;
	classes = {
	};
	objectVersion = 46;
	objects = {

/* Begin PBXBuildFile section */
		04257CA91D2C698B00F34956 /* AppDelegate.swift in Sources */ = {isa = PBXBuildFile; fileRef = 04257CA81D2C698B00F34956 /* AppDelegate.swift */; };
		04257CAB1D2C698B00F34956 /* ViewController.swift in Sources */ = {isa = PBXBuildFile; fileRef = 04257CAA1D2C698B00F34956 /* ViewController.swift */; };
		04257CB01D2C698B00F34956 /* Assets.xcassets in Resources */ = {isa = PBXBuildFile; fileRef = 04257CAF1D2C698B00F34956 /* Assets.xcassets */; };
		04257CB31D2C698B00F34956 /* LaunchScreen.storyboard in Resources */ = {isa = PBXBuildFile; fileRef = 04257CB11D2C698B00F34956 /* LaunchScreen.storyboard */; };
		04257CBE1D2C698B00F34956 /* MoneyPoolTests.swift in Sources */ = {isa = PBXBuildFile; fileRef = 04257CBD1D2C698B00F34956 /* MoneyPoolTests.swift */; };
		04257CC91D2C698B00F34956 /* MoneyPoolUITests.swift in Sources */ = {isa = PBXBuildFile; fileRef = 04257CC81D2C698B00F34956 /* MoneyPoolUITests.swift */; };
		04257CD91D2C782B00F34956 /* GoogleService-Info.plist in Resources */ = {isa = PBXBuildFile; fileRef = 04257CD81D2C782B00F34956 /* GoogleService-Info.plist */; };
		142D220A9E5BEEC29323F2F1 /* Pods_MoneyPool.framework in Frameworks */ = {isa = PBXBuildFile; fileRef = 00D79C75AB9FDCC712AB4E34 /* Pods_MoneyPool.framework */; };
		84384EABB75C2A0FFA134FBF /* Pods_MoneyPoolTests.framework in Frameworks */ = {isa = PBXBuildFile; fileRef = 772AC31E89775B861E694516 /* Pods_MoneyPoolTests.framework */; };
		B2FF81F31D2C9B7300704DAE /* InviteFriendListTableViewCell.swift in Sources */ = {isa = PBXBuildFile; fileRef = B2FF81F21D2C9B7300704DAE /* InviteFriendListTableViewCell.swift */; };
		B2FF81FC1D2C9C2C00704DAE /* InviteFriendList.storyboard in Resources */ = {isa = PBXBuildFile; fileRef = B2FF81FA1D2C9C2C00704DAE /* InviteFriendList.storyboard */; };
		B2FF81FE1D2C9D4100704DAE /* InviteFriendsListViewController.swift in Sources */ = {isa = PBXBuildFile; fileRef = B2FF81FD1D2C9D4100704DAE /* InviteFriendsListViewController.swift */; };
		B2FF820B1D2D7A1C00704DAE /* Main.storyboard in Resources */ = {isa = PBXBuildFile; fileRef = B2FF82091D2D7A1C00704DAE /* Main.storyboard */; };
		BE8AF93BF52A32C1FEDF3821 /* Pods_MoneyPoolUITests.framework in Frameworks */ = {isa = PBXBuildFile; fileRef = C08DB8C913CE9BC1F09F28E6 /* Pods_MoneyPoolUITests.framework */; };
/* End PBXBuildFile section */

/* Begin PBXContainerItemProxy section */
		04257CBA1D2C698B00F34956 /* PBXContainerItemProxy */ = {
			isa = PBXContainerItemProxy;
			containerPortal = 04257C9D1D2C698B00F34956 /* Project object */;
			proxyType = 1;
			remoteGlobalIDString = 04257CA41D2C698B00F34956;
			remoteInfo = MoneyPool;
		};
		04257CC51D2C698B00F34956 /* PBXContainerItemProxy */ = {
			isa = PBXContainerItemProxy;
			containerPortal = 04257C9D1D2C698B00F34956 /* Project object */;
			proxyType = 1;
			remoteGlobalIDString = 04257CA41D2C698B00F34956;
			remoteInfo = MoneyPool;
		};
/* End PBXContainerItemProxy section */

/* Begin PBXFileReference section */
		00D79C75AB9FDCC712AB4E34 /* Pods_MoneyPool.framework */ = {isa = PBXFileReference; explicitFileType = wrapper.framework; includeInIndex = 0; path = Pods_MoneyPool.framework; sourceTree = BUILT_PRODUCTS_DIR; };
		04257CA51D2C698B00F34956 /* MoneyPool.app */ = {isa = PBXFileReference; explicitFileType = wrapper.application; includeInIndex = 0; path = MoneyPool.app; sourceTree = BUILT_PRODUCTS_DIR; };
		04257CA81D2C698B00F34956 /* AppDelegate.swift */ = {isa = PBXFileReference; lastKnownFileType = sourcecode.swift; path = AppDelegate.swift; sourceTree = "<group>"; };
		04257CAA1D2C698B00F34956 /* ViewController.swift */ = {isa = PBXFileReference; lastKnownFileType = sourcecode.swift; path = ViewController.swift; sourceTree = "<group>"; };
		04257CAF1D2C698B00F34956 /* Assets.xcassets */ = {isa = PBXFileReference; lastKnownFileType = folder.assetcatalog; path = Assets.xcassets; sourceTree = "<group>"; };
		04257CB21D2C698B00F34956 /* Base */ = {isa = PBXFileReference; lastKnownFileType = file.storyboard; name = Base; path = Base.lproj/LaunchScreen.storyboard; sourceTree = "<group>"; };
		04257CB41D2C698B00F34956 /* Info.plist */ = {isa = PBXFileReference; lastKnownFileType = text.plist.xml; path = Info.plist; sourceTree = "<group>"; };
		04257CB91D2C698B00F34956 /* MoneyPoolTests.xctest */ = {isa = PBXFileReference; explicitFileType = wrapper.cfbundle; includeInIndex = 0; path = MoneyPoolTests.xctest; sourceTree = BUILT_PRODUCTS_DIR; };
		04257CBD1D2C698B00F34956 /* MoneyPoolTests.swift */ = {isa = PBXFileReference; lastKnownFileType = sourcecode.swift; path = MoneyPoolTests.swift; sourceTree = "<group>"; };
		04257CBF1D2C698B00F34956 /* Info.plist */ = {isa = PBXFileReference; lastKnownFileType = text.plist.xml; path = Info.plist; sourceTree = "<group>"; };
		04257CC41D2C698B00F34956 /* MoneyPoolUITests.xctest */ = {isa = PBXFileReference; explicitFileType = wrapper.cfbundle; includeInIndex = 0; path = MoneyPoolUITests.xctest; sourceTree = BUILT_PRODUCTS_DIR; };
		04257CC81D2C698B00F34956 /* MoneyPoolUITests.swift */ = {isa = PBXFileReference; lastKnownFileType = sourcecode.swift; path = MoneyPoolUITests.swift; sourceTree = "<group>"; };
		04257CCA1D2C698B00F34956 /* Info.plist */ = {isa = PBXFileReference; lastKnownFileType = text.plist.xml; path = Info.plist; sourceTree = "<group>"; };
		04257CD81D2C782B00F34956 /* GoogleService-Info.plist */ = {isa = PBXFileReference; fileEncoding = 4; lastKnownFileType = text.plist.xml; path = "GoogleService-Info.plist"; sourceTree = "<group>"; };
		46FC17EB0396694BF14EB738 /* Pods-MoneyPool.release.xcconfig */ = {isa = PBXFileReference; includeInIndex = 1; lastKnownFileType = text.xcconfig; name = "Pods-MoneyPool.release.xcconfig"; path = "Pods/Target Support Files/Pods-MoneyPool/Pods-MoneyPool.release.xcconfig"; sourceTree = "<group>"; };
		51A2F7DDB3240B12D81FBC88 /* Pods-MoneyPoolTests.debug.xcconfig */ = {isa = PBXFileReference; includeInIndex = 1; lastKnownFileType = text.xcconfig; name = "Pods-MoneyPoolTests.debug.xcconfig"; path = "Pods/Target Support Files/Pods-MoneyPoolTests/Pods-MoneyPoolTests.debug.xcconfig"; sourceTree = "<group>"; };
		63AE05590030BE5CB4DBA907 /* Pods-MoneyPoolUITests.debug.xcconfig */ = {isa = PBXFileReference; includeInIndex = 1; lastKnownFileType = text.xcconfig; name = "Pods-MoneyPoolUITests.debug.xcconfig"; path = "Pods/Target Support Files/Pods-MoneyPoolUITests/Pods-MoneyPoolUITests.debug.xcconfig"; sourceTree = "<group>"; };
		643A2722BEEDFCADCF19C954 /* Pods-MoneyPoolUITests.release.xcconfig */ = {isa = PBXFileReference; includeInIndex = 1; lastKnownFileType = text.xcconfig; name = "Pods-MoneyPoolUITests.release.xcconfig"; path = "Pods/Target Support Files/Pods-MoneyPoolUITests/Pods-MoneyPoolUITests.release.xcconfig"; sourceTree = "<group>"; };
		68EFD3A55E1D2AE36AFEDB0B /* Pods-MoneyPool.debug.xcconfig */ = {isa = PBXFileReference; includeInIndex = 1; lastKnownFileType = text.xcconfig; name = "Pods-MoneyPool.debug.xcconfig"; path = "Pods/Target Support Files/Pods-MoneyPool/Pods-MoneyPool.debug.xcconfig"; sourceTree = "<group>"; };
		772AC31E89775B861E694516 /* Pods_MoneyPoolTests.framework */ = {isa = PBXFileReference; explicitFileType = wrapper.framework; includeInIndex = 0; path = Pods_MoneyPoolTests.framework; sourceTree = BUILT_PRODUCTS_DIR; };
		98BC64AB76388C0A698E7007 /* Pods-MoneyPoolTests.release.xcconfig */ = {isa = PBXFileReference; includeInIndex = 1; lastKnownFileType = text.xcconfig; name = "Pods-MoneyPoolTests.release.xcconfig"; path = "Pods/Target Support Files/Pods-MoneyPoolTests/Pods-MoneyPoolTests.release.xcconfig"; sourceTree = "<group>"; };
		B2FF81F21D2C9B7300704DAE /* InviteFriendListTableViewCell.swift */ = {isa = PBXFileReference; fileEncoding = 4; lastKnownFileType = sourcecode.swift; path = InviteFriendListTableViewCell.swift; sourceTree = "<group>"; };
		B2FF81FB1D2C9C2C00704DAE /* Base */ = {isa = PBXFileReference; lastKnownFileType = file.storyboard; name = Base; path = Base.lproj/InviteFriendList.storyboard; sourceTree = "<group>"; };
		B2FF81FD1D2C9D4100704DAE /* InviteFriendsListViewController.swift */ = {isa = PBXFileReference; fileEncoding = 4; lastKnownFileType = sourcecode.swift; path = InviteFriendsListViewController.swift; sourceTree = "<group>"; };
		B2FF820A1D2D7A1C00704DAE /* Base */ = {isa = PBXFileReference; lastKnownFileType = file.storyboard; name = Base; path = Base.lproj/Main.storyboard; sourceTree = "<group>"; };
		C08DB8C913CE9BC1F09F28E6 /* Pods_MoneyPoolUITests.framework */ = {isa = PBXFileReference; explicitFileType = wrapper.framework; includeInIndex = 0; path = Pods_MoneyPoolUITests.framework; sourceTree = BUILT_PRODUCTS_DIR; };
/* End PBXFileReference section */

/* Begin PBXFrameworksBuildPhase section */
		04257CA21D2C698B00F34956 /* Frameworks */ = {
			isa = PBXFrameworksBuildPhase;
			buildActionMask = 2147483647;
			files = (
				142D220A9E5BEEC29323F2F1 /* Pods_MoneyPool.framework in Frameworks */,
			);
			runOnlyForDeploymentPostprocessing = 0;
		};
		04257CB61D2C698B00F34956 /* Frameworks */ = {
			isa = PBXFrameworksBuildPhase;
			buildActionMask = 2147483647;
			files = (
				84384EABB75C2A0FFA134FBF /* Pods_MoneyPoolTests.framework in Frameworks */,
			);
			runOnlyForDeploymentPostprocessing = 0;
		};
		04257CC11D2C698B00F34956 /* Frameworks */ = {
			isa = PBXFrameworksBuildPhase;
			buildActionMask = 2147483647;
			files = (
				BE8AF93BF52A32C1FEDF3821 /* Pods_MoneyPoolUITests.framework in Frameworks */,
			);
			runOnlyForDeploymentPostprocessing = 0;
		};
/* End PBXFrameworksBuildPhase section */

/* Begin PBXGroup section */
		04257C9C1D2C698B00F34956 = {
			isa = PBXGroup;
			children = (
				04257CA71D2C698B00F34956 /* MoneyPool */,
				04257CBC1D2C698B00F34956 /* MoneyPoolTests */,
				04257CC71D2C698B00F34956 /* MoneyPoolUITests */,
				04257CA61D2C698B00F34956 /* Products */,
				BE5B38290E02AC9826E0CED2 /* Pods */,
				737FA04BF5F3407BBDDAF247 /* Frameworks */,
			);
			sourceTree = "<group>";
		};
		04257CA61D2C698B00F34956 /* Products */ = {
			isa = PBXGroup;
			children = (
				04257CA51D2C698B00F34956 /* MoneyPool.app */,
				04257CB91D2C698B00F34956 /* MoneyPoolTests.xctest */,
				04257CC41D2C698B00F34956 /* MoneyPoolUITests.xctest */,
			);
			name = Products;
			sourceTree = "<group>";
		};
		04257CA71D2C698B00F34956 /* MoneyPool */ = {
			isa = PBXGroup;
			children = (
				04257CD71D2C77E900F34956 /* Controllers */,
				04257CD61D2C77DA00F34956 /* Views */,
				04257CAF1D2C698B00F34956 /* Assets.xcassets */,
				04257CB41D2C698B00F34956 /* Info.plist */,
				04257CD81D2C782B00F34956 /* GoogleService-Info.plist */,
			);
			path = MoneyPool;
			sourceTree = "<group>";
		};
		04257CBC1D2C698B00F34956 /* MoneyPoolTests */ = {
			isa = PBXGroup;
			children = (
				04257CBD1D2C698B00F34956 /* MoneyPoolTests.swift */,
				04257CBF1D2C698B00F34956 /* Info.plist */,
			);
			path = MoneyPoolTests;
			sourceTree = "<group>";
		};
		04257CC71D2C698B00F34956 /* MoneyPoolUITests */ = {
			isa = PBXGroup;
			children = (
				04257CC81D2C698B00F34956 /* MoneyPoolUITests.swift */,
				04257CCA1D2C698B00F34956 /* Info.plist */,
			);
			path = MoneyPoolUITests;
			sourceTree = "<group>";
		};
		04257CD61D2C77DA00F34956 /* Views */ = {
			isa = PBXGroup;
			children = (
				B2FF81FA1D2C9C2C00704DAE /* InviteFriendList.storyboard */,
				B2FF82091D2D7A1C00704DAE /* Main.storyboard */,
				04257CB11D2C698B00F34956 /* LaunchScreen.storyboard */,
				B2FF81F21D2C9B7300704DAE /* InviteFriendListTableViewCell.swift */,
			);
			name = Views;
			sourceTree = "<group>";
		};
		04257CD71D2C77E900F34956 /* Controllers */ = {
			isa = PBXGroup;
			children = (
				04257CA81D2C698B00F34956 /* AppDelegate.swift */,
				04257CAA1D2C698B00F34956 /* ViewController.swift */,
				B2FF81FD1D2C9D4100704DAE /* InviteFriendsListViewController.swift */,
			);
			name = Controllers;
			sourceTree = "<group>";
		};
		737FA04BF5F3407BBDDAF247 /* Frameworks */ = {
			isa = PBXGroup;
			children = (
				00D79C75AB9FDCC712AB4E34 /* Pods_MoneyPool.framework */,
				772AC31E89775B861E694516 /* Pods_MoneyPoolTests.framework */,
				C08DB8C913CE9BC1F09F28E6 /* Pods_MoneyPoolUITests.framework */,
			);
			name = Frameworks;
			sourceTree = "<group>";
		};
		BE5B38290E02AC9826E0CED2 /* Pods */ = {
			isa = PBXGroup;
			children = (
				68EFD3A55E1D2AE36AFEDB0B /* Pods-MoneyPool.debug.xcconfig */,
				46FC17EB0396694BF14EB738 /* Pods-MoneyPool.release.xcconfig */,
				51A2F7DDB3240B12D81FBC88 /* Pods-MoneyPoolTests.debug.xcconfig */,
				98BC64AB76388C0A698E7007 /* Pods-MoneyPoolTests.release.xcconfig */,
				63AE05590030BE5CB4DBA907 /* Pods-MoneyPoolUITests.debug.xcconfig */,
				643A2722BEEDFCADCF19C954 /* Pods-MoneyPoolUITests.release.xcconfig */,
			);
			name = Pods;
			sourceTree = "<group>";
		};
/* End PBXGroup section */

/* Begin PBXNativeTarget section */
		04257CA41D2C698B00F34956 /* MoneyPool */ = {
			isa = PBXNativeTarget;
			buildConfigurationList = 04257CCD1D2C698B00F34956 /* Build configuration list for PBXNativeTarget "MoneyPool" */;
			buildPhases = (
				63710EDE5B7C15DCF338C421 /* [CP] Check Pods Manifest.lock */,
				04257CA11D2C698B00F34956 /* Sources */,
				04257CA21D2C698B00F34956 /* Frameworks */,
				04257CA31D2C698B00F34956 /* Resources */,
				782A3F7CE531C4AA2E0D6FA4 /* [CP] Embed Pods Frameworks */,
				17844EE822B48ABE9A070DA1 /* [CP] Copy Pods Resources */,
			);
			buildRules = (
			);
			dependencies = (
			);
			name = MoneyPool;
			productName = MoneyPool;
			productReference = 04257CA51D2C698B00F34956 /* MoneyPool.app */;
			productType = "com.apple.product-type.application";
		};
		04257CB81D2C698B00F34956 /* MoneyPoolTests */ = {
			isa = PBXNativeTarget;
			buildConfigurationList = 04257CD01D2C698B00F34956 /* Build configuration list for PBXNativeTarget "MoneyPoolTests" */;
			buildPhases = (
				CDC4FE6948934C98A9439811 /* [CP] Check Pods Manifest.lock */,
				04257CB51D2C698B00F34956 /* Sources */,
				04257CB61D2C698B00F34956 /* Frameworks */,
				04257CB71D2C698B00F34956 /* Resources */,
				6F073B9276C21772FD740787 /* [CP] Embed Pods Frameworks */,
				E36E7BB15E3ACD70E694C216 /* [CP] Copy Pods Resources */,
			);
			buildRules = (
			);
			dependencies = (
				04257CBB1D2C698B00F34956 /* PBXTargetDependency */,
			);
			name = MoneyPoolTests;
			productName = MoneyPoolTests;
			productReference = 04257CB91D2C698B00F34956 /* MoneyPoolTests.xctest */;
			productType = "com.apple.product-type.bundle.unit-test";
		};
		04257CC31D2C698B00F34956 /* MoneyPoolUITests */ = {
			isa = PBXNativeTarget;
			buildConfigurationList = 04257CD31D2C698B00F34956 /* Build configuration list for PBXNativeTarget "MoneyPoolUITests" */;
			buildPhases = (
				A29124F92F331FF3B9900C8E /* [CP] Check Pods Manifest.lock */,
				04257CC01D2C698B00F34956 /* Sources */,
				04257CC11D2C698B00F34956 /* Frameworks */,
				04257CC21D2C698B00F34956 /* Resources */,
				3D692B5D63578FF569D35A70 /* [CP] Copy Pods Resources */,
			);
			buildRules = (
			);
			dependencies = (
				04257CC61D2C698B00F34956 /* PBXTargetDependency */,
			);
			name = MoneyPoolUITests;
			productName = MoneyPoolUITests;
			productReference = 04257CC41D2C698B00F34956 /* MoneyPoolUITests.xctest */;
			productType = "com.apple.product-type.bundle.ui-testing";
		};
/* End PBXNativeTarget section */

/* Begin PBXProject section */
		04257C9D1D2C698B00F34956 /* Project object */ = {
			isa = PBXProject;
			attributes = {
				LastSwiftUpdateCheck = 0730;
				LastUpgradeCheck = 0730;
				ORGANIZATIONNAME = "Jorge Bastos";
				TargetAttributes = {
					04257CA41D2C698B00F34956 = {
						CreatedOnToolsVersion = 7.3.1;
						DevelopmentTeam = M2YLC45JRA;
					};
					04257CB81D2C698B00F34956 = {
						CreatedOnToolsVersion = 7.3.1;
						TestTargetID = 04257CA41D2C698B00F34956;
					};
					04257CC31D2C698B00F34956 = {
						CreatedOnToolsVersion = 7.3.1;
						TestTargetID = 04257CA41D2C698B00F34956;
					};
				};
			};
			buildConfigurationList = 04257CA01D2C698B00F34956 /* Build configuration list for PBXProject "MoneyPool" */;
			compatibilityVersion = "Xcode 3.2";
			developmentRegion = English;
			hasScannedForEncodings = 0;
			knownRegions = (
				en,
				Base,
			);
			mainGroup = 04257C9C1D2C698B00F34956;
			productRefGroup = 04257CA61D2C698B00F34956 /* Products */;
			projectDirPath = "";
			projectRoot = "";
			targets = (
				04257CA41D2C698B00F34956 /* MoneyPool */,
				04257CB81D2C698B00F34956 /* MoneyPoolTests */,
				04257CC31D2C698B00F34956 /* MoneyPoolUITests */,
			);
		};
/* End PBXProject section */

/* Begin PBXResourcesBuildPhase section */
		04257CA31D2C698B00F34956 /* Resources */ = {
			isa = PBXResourcesBuildPhase;
			buildActionMask = 2147483647;
			files = (
				04257CB31D2C698B00F34956 /* LaunchScreen.storyboard in Resources */,
				B2FF820B1D2D7A1C00704DAE /* Main.storyboard in Resources */,
				04257CD91D2C782B00F34956 /* GoogleService-Info.plist in Resources */,
				04257CB01D2C698B00F34956 /* Assets.xcassets in Resources */,
				B2FF81FC1D2C9C2C00704DAE /* InviteFriendList.storyboard in Resources */,
			);
			runOnlyForDeploymentPostprocessing = 0;
		};
		04257CB71D2C698B00F34956 /* Resources */ = {
			isa = PBXResourcesBuildPhase;
			buildActionMask = 2147483647;
			files = (
			);
			runOnlyForDeploymentPostprocessing = 0;
		};
		04257CC21D2C698B00F34956 /* Resources */ = {
			isa = PBXResourcesBuildPhase;
			buildActionMask = 2147483647;
			files = (
			);
			runOnlyForDeploymentPostprocessing = 0;
		};
/* End PBXResourcesBuildPhase section */

/* Begin PBXShellScriptBuildPhase section */
		17844EE822B48ABE9A070DA1 /* [CP] Copy Pods Resources */ = {
			isa = PBXShellScriptBuildPhase;
			buildActionMask = 2147483647;
			files = (
			);
			inputPaths = (
			);
			name = "[CP] Copy Pods Resources";
			outputPaths = (
			);
			runOnlyForDeploymentPostprocessing = 0;
			shellPath = /bin/sh;
			shellScript = "\"${SRCROOT}/Pods/Target Support Files/Pods-MoneyPool/Pods-MoneyPool-resources.sh\"\n";
			showEnvVarsInLog = 0;
		};
		3D692B5D63578FF569D35A70 /* [CP] Copy Pods Resources */ = {
			isa = PBXShellScriptBuildPhase;
			buildActionMask = 2147483647;
			files = (
			);
			inputPaths = (
			);
			name = "[CP] Copy Pods Resources";
			outputPaths = (
			);
			runOnlyForDeploymentPostprocessing = 0;
			shellPath = /bin/sh;
			shellScript = "\"${SRCROOT}/Pods/Target Support Files/Pods-MoneyPoolUITests/Pods-MoneyPoolUITests-resources.sh\"\n";
			showEnvVarsInLog = 0;
		};
		63710EDE5B7C15DCF338C421 /* [CP] Check Pods Manifest.lock */ = {
			isa = PBXShellScriptBuildPhase;
			buildActionMask = 2147483647;
			files = (
			);
			inputPaths = (
			);
			name = "[CP] Check Pods Manifest.lock";
			outputPaths = (
			);
			runOnlyForDeploymentPostprocessing = 0;
			shellPath = /bin/sh;
			shellScript = "diff \"${PODS_ROOT}/../Podfile.lock\" \"${PODS_ROOT}/Manifest.lock\" > /dev/null\nif [[ $? != 0 ]] ; then\n    cat << EOM\nerror: The sandbox is not in sync with the Podfile.lock. Run 'pod install' or update your CocoaPods installation.\nEOM\n    exit 1\nfi\n";
			showEnvVarsInLog = 0;
		};
		6F073B9276C21772FD740787 /* [CP] Embed Pods Frameworks */ = {
			isa = PBXShellScriptBuildPhase;
			buildActionMask = 2147483647;
			files = (
			);
			inputPaths = (
			);
			name = "[CP] Embed Pods Frameworks";
			outputPaths = (
			);
			runOnlyForDeploymentPostprocessing = 0;
			shellPath = /bin/sh;
			shellScript = "\"${SRCROOT}/Pods/Target Support Files/Pods-MoneyPoolTests/Pods-MoneyPoolTests-frameworks.sh\"\n";
			showEnvVarsInLog = 0;
		};
		782A3F7CE531C4AA2E0D6FA4 /* [CP] Embed Pods Frameworks */ = {
			isa = PBXShellScriptBuildPhase;
			buildActionMask = 2147483647;
			files = (
			);
			inputPaths = (
			);
			name = "[CP] Embed Pods Frameworks";
			outputPaths = (
			);
			runOnlyForDeploymentPostprocessing = 0;
			shellPath = /bin/sh;
			shellScript = "\"${SRCROOT}/Pods/Target Support Files/Pods-MoneyPool/Pods-MoneyPool-frameworks.sh\"\n";
			showEnvVarsInLog = 0;
		};
		A29124F92F331FF3B9900C8E /* [CP] Check Pods Manifest.lock */ = {
			isa = PBXShellScriptBuildPhase;
			buildActionMask = 2147483647;
			files = (
			);
			inputPaths = (
			);
			name = "[CP] Check Pods Manifest.lock";
			outputPaths = (
			);
			runOnlyForDeploymentPostprocessing = 0;
			shellPath = /bin/sh;
			shellScript = "diff \"${PODS_ROOT}/../Podfile.lock\" \"${PODS_ROOT}/Manifest.lock\" > /dev/null\nif [[ $? != 0 ]] ; then\n    cat << EOM\nerror: The sandbox is not in sync with the Podfile.lock. Run 'pod install' or update your CocoaPods installation.\nEOM\n    exit 1\nfi\n";
			showEnvVarsInLog = 0;
		};
		CDC4FE6948934C98A9439811 /* [CP] Check Pods Manifest.lock */ = {
			isa = PBXShellScriptBuildPhase;
			buildActionMask = 2147483647;
			files = (
			);
			inputPaths = (
			);
			name = "[CP] Check Pods Manifest.lock";
			outputPaths = (
			);
			runOnlyForDeploymentPostprocessing = 0;
			shellPath = /bin/sh;
			shellScript = "diff \"${PODS_ROOT}/../Podfile.lock\" \"${PODS_ROOT}/Manifest.lock\" > /dev/null\nif [[ $? != 0 ]] ; then\n    cat << EOM\nerror: The sandbox is not in sync with the Podfile.lock. Run 'pod install' or update your CocoaPods installation.\nEOM\n    exit 1\nfi\n";
			showEnvVarsInLog = 0;
		};
		E36E7BB15E3ACD70E694C216 /* [CP] Copy Pods Resources */ = {
			isa = PBXShellScriptBuildPhase;
			buildActionMask = 2147483647;
			files = (
			);
			inputPaths = (
			);
			name = "[CP] Copy Pods Resources";
			outputPaths = (
			);
			runOnlyForDeploymentPostprocessing = 0;
			shellPath = /bin/sh;
			shellScript = "\"${SRCROOT}/Pods/Target Support Files/Pods-MoneyPoolTests/Pods-MoneyPoolTests-resources.sh\"\n";
			showEnvVarsInLog = 0;
		};
/* End PBXShellScriptBuildPhase section */

/* Begin PBXSourcesBuildPhase section */
		04257CA11D2C698B00F34956 /* Sources */ = {
			isa = PBXSourcesBuildPhase;
			buildActionMask = 2147483647;
			files = (
				B2FF81F31D2C9B7300704DAE /* InviteFriendListTableViewCell.swift in Sources */,
				B2FF81FE1D2C9D4100704DAE /* InviteFriendsListViewController.swift in Sources */,
				04257CAB1D2C698B00F34956 /* ViewController.swift in Sources */,
				04257CA91D2C698B00F34956 /* AppDelegate.swift in Sources */,
			);
			runOnlyForDeploymentPostprocessing = 0;
		};
		04257CB51D2C698B00F34956 /* Sources */ = {
			isa = PBXSourcesBuildPhase;
			buildActionMask = 2147483647;
			files = (
				04257CBE1D2C698B00F34956 /* MoneyPoolTests.swift in Sources */,
			);
			runOnlyForDeploymentPostprocessing = 0;
		};
		04257CC01D2C698B00F34956 /* Sources */ = {
			isa = PBXSourcesBuildPhase;
			buildActionMask = 2147483647;
			files = (
				04257CC91D2C698B00F34956 /* MoneyPoolUITests.swift in Sources */,
			);
			runOnlyForDeploymentPostprocessing = 0;
		};
/* End PBXSourcesBuildPhase section */

/* Begin PBXTargetDependency section */
		04257CBB1D2C698B00F34956 /* PBXTargetDependency */ = {
			isa = PBXTargetDependency;
			target = 04257CA41D2C698B00F34956 /* MoneyPool */;
			targetProxy = 04257CBA1D2C698B00F34956 /* PBXContainerItemProxy */;
		};
		04257CC61D2C698B00F34956 /* PBXTargetDependency */ = {
			isa = PBXTargetDependency;
			target = 04257CA41D2C698B00F34956 /* MoneyPool */;
			targetProxy = 04257CC51D2C698B00F34956 /* PBXContainerItemProxy */;
		};
/* End PBXTargetDependency section */

/* Begin PBXVariantGroup section */
		04257CB11D2C698B00F34956 /* LaunchScreen.storyboard */ = {
			isa = PBXVariantGroup;
			children = (
				04257CB21D2C698B00F34956 /* Base */,
			);
			name = LaunchScreen.storyboard;
			sourceTree = "<group>";
		};
		B2FF81FA1D2C9C2C00704DAE /* InviteFriendList.storyboard */ = {
			isa = PBXVariantGroup;
			children = (
				B2FF81FB1D2C9C2C00704DAE /* Base */,
			);
			name = InviteFriendList.storyboard;
			sourceTree = "<group>";
		};
		B2FF82091D2D7A1C00704DAE /* Main.storyboard */ = {
			isa = PBXVariantGroup;
			children = (
				B2FF820A1D2D7A1C00704DAE /* Base */,
			);
			name = Main.storyboard;
			sourceTree = "<group>";
		};
/* End PBXVariantGroup section */

/* Begin XCBuildConfiguration section */
		04257CCB1D2C698B00F34956 /* Debug */ = {
			isa = XCBuildConfiguration;
			buildSettings = {
				ALWAYS_SEARCH_USER_PATHS = NO;
				CLANG_ANALYZER_NONNULL = YES;
				CLANG_CXX_LANGUAGE_STANDARD = "gnu++0x";
				CLANG_CXX_LIBRARY = "libc++";
				CLANG_ENABLE_MODULES = YES;
				CLANG_ENABLE_OBJC_ARC = YES;
				CLANG_WARN_BOOL_CONVERSION = YES;
				CLANG_WARN_CONSTANT_CONVERSION = YES;
				CLANG_WARN_DIRECT_OBJC_ISA_USAGE = YES_ERROR;
				CLANG_WARN_EMPTY_BODY = YES;
				CLANG_WARN_ENUM_CONVERSION = YES;
				CLANG_WARN_INT_CONVERSION = YES;
				CLANG_WARN_OBJC_ROOT_CLASS = YES_ERROR;
				CLANG_WARN_UNREACHABLE_CODE = YES;
				CLANG_WARN__DUPLICATE_METHOD_MATCH = YES;
				"CODE_SIGN_IDENTITY[sdk=iphoneos*]" = "iPhone Developer";
				COPY_PHASE_STRIP = NO;
				DEBUG_INFORMATION_FORMAT = dwarf;
				ENABLE_STRICT_OBJC_MSGSEND = YES;
				ENABLE_TESTABILITY = YES;
				GCC_C_LANGUAGE_STANDARD = gnu99;
				GCC_DYNAMIC_NO_PIC = NO;
				GCC_NO_COMMON_BLOCKS = YES;
				GCC_OPTIMIZATION_LEVEL = 0;
				GCC_PREPROCESSOR_DEFINITIONS = (
					"DEBUG=1",
					"$(inherited)",
				);
				GCC_WARN_64_TO_32_BIT_CONVERSION = YES;
				GCC_WARN_ABOUT_RETURN_TYPE = YES_ERROR;
				GCC_WARN_UNDECLARED_SELECTOR = YES;
				GCC_WARN_UNINITIALIZED_AUTOS = YES_AGGRESSIVE;
				GCC_WARN_UNUSED_FUNCTION = YES;
				GCC_WARN_UNUSED_VARIABLE = YES;
				IPHONEOS_DEPLOYMENT_TARGET = 9.3;
				MTL_ENABLE_DEBUG_INFO = YES;
				ONLY_ACTIVE_ARCH = YES;
				SDKROOT = iphoneos;
				SWIFT_OPTIMIZATION_LEVEL = "-Onone";
				TARGETED_DEVICE_FAMILY = "1,2";
			};
			name = Debug;
		};
		04257CCC1D2C698B00F34956 /* Release */ = {
			isa = XCBuildConfiguration;
			buildSettings = {
				ALWAYS_SEARCH_USER_PATHS = NO;
				CLANG_ANALYZER_NONNULL = YES;
				CLANG_CXX_LANGUAGE_STANDARD = "gnu++0x";
				CLANG_CXX_LIBRARY = "libc++";
				CLANG_ENABLE_MODULES = YES;
				CLANG_ENABLE_OBJC_ARC = YES;
				CLANG_WARN_BOOL_CONVERSION = YES;
				CLANG_WARN_CONSTANT_CONVERSION = YES;
				CLANG_WARN_DIRECT_OBJC_ISA_USAGE = YES_ERROR;
				CLANG_WARN_EMPTY_BODY = YES;
				CLANG_WARN_ENUM_CONVERSION = YES;
				CLANG_WARN_INT_CONVERSION = YES;
				CLANG_WARN_OBJC_ROOT_CLASS = YES_ERROR;
				CLANG_WARN_UNREACHABLE_CODE = YES;
				CLANG_WARN__DUPLICATE_METHOD_MATCH = YES;
				"CODE_SIGN_IDENTITY[sdk=iphoneos*]" = "iPhone Developer";
				COPY_PHASE_STRIP = NO;
				DEBUG_INFORMATION_FORMAT = "dwarf-with-dsym";
				ENABLE_NS_ASSERTIONS = NO;
				ENABLE_STRICT_OBJC_MSGSEND = YES;
				GCC_C_LANGUAGE_STANDARD = gnu99;
				GCC_NO_COMMON_BLOCKS = YES;
				GCC_WARN_64_TO_32_BIT_CONVERSION = YES;
				GCC_WARN_ABOUT_RETURN_TYPE = YES_ERROR;
				GCC_WARN_UNDECLARED_SELECTOR = YES;
				GCC_WARN_UNINITIALIZED_AUTOS = YES_AGGRESSIVE;
				GCC_WARN_UNUSED_FUNCTION = YES;
				GCC_WARN_UNUSED_VARIABLE = YES;
				IPHONEOS_DEPLOYMENT_TARGET = 9.3;
				MTL_ENABLE_DEBUG_INFO = NO;
				SDKROOT = iphoneos;
				TARGETED_DEVICE_FAMILY = "1,2";
				VALIDATE_PRODUCT = YES;
			};
			name = Release;
		};
		04257CCE1D2C698B00F34956 /* Debug */ = {
			isa = XCBuildConfiguration;
			baseConfigurationReference = 68EFD3A55E1D2AE36AFEDB0B /* Pods-MoneyPool.debug.xcconfig */;
			buildSettings = {
				ASSETCATALOG_COMPILER_APPICON_NAME = AppIcon;
				CODE_SIGN_IDENTITY = "iPhone Developer";
				INFOPLIST_FILE = MoneyPool/Info.plist;
				LD_RUNPATH_SEARCH_PATHS = "$(inherited) @executable_path/Frameworks";
				PRODUCT_BUNDLE_IDENTIFIER = br.com.bol.jbastosneto.MoneyPool;
				PRODUCT_NAME = "$(TARGET_NAME)";
			};
			name = Debug;
		};
		04257CCF1D2C698B00F34956 /* Release */ = {
			isa = XCBuildConfiguration;
			baseConfigurationReference = 46FC17EB0396694BF14EB738 /* Pods-MoneyPool.release.xcconfig */;
			buildSettings = {
				ASSETCATALOG_COMPILER_APPICON_NAME = AppIcon;
				CODE_SIGN_IDENTITY = "iPhone Developer";
				INFOPLIST_FILE = MoneyPool/Info.plist;
				LD_RUNPATH_SEARCH_PATHS = "$(inherited) @executable_path/Frameworks";
				PRODUCT_BUNDLE_IDENTIFIER = br.com.bol.jbastosneto.MoneyPool;
				PRODUCT_NAME = "$(TARGET_NAME)";
			};
			name = Release;
		};
		04257CD11D2C698B00F34956 /* Debug */ = {
			isa = XCBuildConfiguration;
			baseConfigurationReference = 51A2F7DDB3240B12D81FBC88 /* Pods-MoneyPoolTests.debug.xcconfig */;
			buildSettings = {
				BUNDLE_LOADER = "$(TEST_HOST)";
				INFOPLIST_FILE = MoneyPoolTests/Info.plist;
				LD_RUNPATH_SEARCH_PATHS = "$(inherited) @executable_path/Frameworks @loader_path/Frameworks";
				PRODUCT_BUNDLE_IDENTIFIER = br.com.bol.jbastosneto.MoneyPoolTests;
				PRODUCT_NAME = "$(TARGET_NAME)";
				TEST_HOST = "$(BUILT_PRODUCTS_DIR)/MoneyPool.app/MoneyPool";
			};
			name = Debug;
		};
		04257CD21D2C698B00F34956 /* Release */ = {
			isa = XCBuildConfiguration;
			baseConfigurationReference = 98BC64AB76388C0A698E7007 /* Pods-MoneyPoolTests.release.xcconfig */;
			buildSettings = {
				BUNDLE_LOADER = "$(TEST_HOST)";
				INFOPLIST_FILE = MoneyPoolTests/Info.plist;
				LD_RUNPATH_SEARCH_PATHS = "$(inherited) @executable_path/Frameworks @loader_path/Frameworks";
				PRODUCT_BUNDLE_IDENTIFIER = br.com.bol.jbastosneto.MoneyPoolTests;
				PRODUCT_NAME = "$(TARGET_NAME)";
				TEST_HOST = "$(BUILT_PRODUCTS_DIR)/MoneyPool.app/MoneyPool";
			};
			name = Release;
		};
		04257CD41D2C698B00F34956 /* Debug */ = {
			isa = XCBuildConfiguration;
			baseConfigurationReference = 63AE05590030BE5CB4DBA907 /* Pods-MoneyPoolUITests.debug.xcconfig */;
			buildSettings = {
				INFOPLIST_FILE = MoneyPoolUITests/Info.plist;
				LD_RUNPATH_SEARCH_PATHS = "$(inherited) @executable_path/Frameworks @loader_path/Frameworks";
				PRODUCT_BUNDLE_IDENTIFIER = br.com.bol.jbastosneto.MoneyPoolUITests;
				PRODUCT_NAME = "$(TARGET_NAME)";
				TEST_TARGET_NAME = MoneyPool;
			};
			name = Debug;
		};
		04257CD51D2C698B00F34956 /* Release */ = {
			isa = XCBuildConfiguration;
			baseConfigurationReference = 643A2722BEEDFCADCF19C954 /* Pods-MoneyPoolUITests.release.xcconfig */;
			buildSettings = {
				INFOPLIST_FILE = MoneyPoolUITests/Info.plist;
				LD_RUNPATH_SEARCH_PATHS = "$(inherited) @executable_path/Frameworks @loader_path/Frameworks";
				PRODUCT_BUNDLE_IDENTIFIER = br.com.bol.jbastosneto.MoneyPoolUITests;
				PRODUCT_NAME = "$(TARGET_NAME)";
				TEST_TARGET_NAME = MoneyPool;
			};
			name = Release;
		};
/* End XCBuildConfiguration section */

/* Begin XCConfigurationList section */
		04257CA01D2C698B00F34956 /* Build configuration list for PBXProject "MoneyPool" */ = {
			isa = XCConfigurationList;
			buildConfigurations = (
				04257CCB1D2C698B00F34956 /* Debug */,
				04257CCC1D2C698B00F34956 /* Release */,
			);
			defaultConfigurationIsVisible = 0;
			defaultConfigurationName = Release;
		};
		04257CCD1D2C698B00F34956 /* Build configuration list for PBXNativeTarget "MoneyPool" */ = {
			isa = XCConfigurationList;
			buildConfigurations = (
				04257CCE1D2C698B00F34956 /* Debug */,
				04257CCF1D2C698B00F34956 /* Release */,
			);
			defaultConfigurationIsVisible = 0;
			defaultConfigurationName = Release;
		};
		04257CD01D2C698B00F34956 /* Build configuration list for PBXNativeTarget "MoneyPoolTests" */ = {
			isa = XCConfigurationList;
			buildConfigurations = (
				04257CD11D2C698B00F34956 /* Debug */,
				04257CD21D2C698B00F34956 /* Release */,
			);
			defaultConfigurationIsVisible = 0;
			defaultConfigurationName = Release;
		};
		04257CD31D2C698B00F34956 /* Build configuration list for PBXNativeTarget "MoneyPoolUITests" */ = {
			isa = XCConfigurationList;
			buildConfigurations = (
				04257CD41D2C698B00F34956 /* Debug */,
				04257CD51D2C698B00F34956 /* Release */,
			);
			defaultConfigurationIsVisible = 0;
			defaultConfigurationName = Release;
		};
/* End XCConfigurationList section */
	};
	rootObject = 04257C9D1D2C698B00F34956 /* Project object */;
}
